
Microsoft Visual Studio Solution File, Format Version 12.00
Project("{FAE04EC0-301F-11D3-BF4B-00C04F79EFBC}") = "Alexandria.net", "Alexandria.net\Alexandria.net.csproj", "{CA12E859-5219-443A-8558-A2736B9511BF}"
EndProject
Project("{2150E333-8FDC-42A3-9474-1A3956D46DE8}") = "Tests", "Tests", "{605F974E-C8BD-4DD0-8E83-B80D4C83AB2D}"
EndProject
Project("{FAE04EC0-301F-11D3-BF4B-00C04F79EFBC}") = "UnitTest", "Test\UnitTest\UnitTest.csproj", "{A029E2AE-993F-4307-A5F5-AAFE6611F855}"
EndProject
Global
	GlobalSection(SolutionConfigurationPlatforms) = preSolution
		Debug|Any CPU = Debug|Any CPU
		Release|Any CPU = Release|Any CPU
	EndGlobalSection
	GlobalSection(ProjectConfigurationPlatforms) = postSolution
		{CA12E859-5219-443A-8558-A2736B9511BF}.Debug|Any CPU.ActiveCfg = Debug|Any CPU
		{CA12E859-5219-443A-8558-A2736B9511BF}.Debug|Any CPU.Build.0 = Debug|Any CPU
		{CA12E859-5219-443A-8558-A2736B9511BF}.Release|Any CPU.ActiveCfg = Release|Any CPU
		{CA12E859-5219-443A-8558-A2736B9511BF}.Release|Any CPU.Build.0 = Release|Any CPU
		{A029E2AE-993F-4307-A5F5-AAFE6611F855}.Debug|Any CPU.ActiveCfg = Debug|Any CPU
		{A029E2AE-993F-4307-A5F5-AAFE6611F855}.Debug|Any CPU.Build.0 = Debug|Any CPU
		{A029E2AE-993F-4307-A5F5-AAFE6611F855}.Release|Any CPU.ActiveCfg = Release|Any CPU
		{A029E2AE-993F-4307-A5F5-AAFE6611F855}.Release|Any CPU.Build.0 = Release|Any CPU
	EndGlobalSection
	GlobalSection(NestedProjects) = preSolution
		{A029E2AE-993F-4307-A5F5-AAFE6611F855} = {605F974E-C8BD-4DD0-8E83-B80D4C83AB2D}
	EndGlobalSection
EndGlobal
